
Microsoft Visual Studio Solution File, Format Version 12.00
# Visual Studio Version 17
VisualStudioVersion = 17.0.31903.59
MinimumVisualStudioVersion = 10.0.40219.1
Project("{9A19103F-16F7-4668-BE54-9A1E7A4F7556}") = "ChatApp.Client", "ChatApp.Client\ChatApp.Client.csproj", "{67FE2D46-0D85-49AA-960A-83BDD9836406}"
EndProject
Project("{FAE04EC0-301F-11D3-BF4B-00C04F79EFBC}") = "ChatApp.Server", "ChatApp.Server\ChatApp.Server.csproj", "{B310AFB4-18CD-4B9A-A84A-E265FD1F4CFB}"
EndProject
Global
	GlobalSection(SolutionConfigurationPlatforms) = preSolution
		Debug|Any CPU = Debug|Any CPU
		Release|Any CPU = Release|Any CPU
	EndGlobalSection
	GlobalSection(ProjectConfigurationPlatforms) = postSolution
		{67FE2D46-0D85-49AA-960A-83BDD9836406}.Debug|Any CPU.ActiveCfg = Debug|Any CPU
		{67FE2D46-0D85-49AA-960A-83BDD9836406}.Debug|Any CPU.Build.0 = Debug|Any CPU
		{67FE2D46-0D85-49AA-960A-83BDD9836406}.Release|Any CPU.ActiveCfg = Release|Any CPU
		{67FE2D46-0D85-49AA-960A-83BDD9836406}.Release|Any CPU.Build.0 = Release|Any CPU
		{B310AFB4-18CD-4B9A-A84A-E265FD1F4CFB}.Debug|Any CPU.ActiveCfg = Debug|Any CPU
		{B310AFB4-18CD-4B9A-A84A-E265FD1F4CFB}.Debug|Any CPU.Build.0 = Debug|Any CPU
		{B310AFB4-18CD-4B9A-A84A-E265FD1F4CFB}.Release|Any CPU.ActiveCfg = Release|Any CPU
		{B310AFB4-18CD-4B9A-A84A-E265FD1F4CFB}.Release|Any CPU.Build.0 = Release|Any CPU
	EndGlobalSection
	GlobalSection(SolutionProperties) = preSolution
		HideSolutionNode = FALSE
	EndGlobalSection
	GlobalSection(ExtensibilityGlobals) = postSolution
		SolutionGuid = {5F8B0E86-0A74-47D9-86C1-B3E238FC7C49}
	EndGlobalSection
EndGlobal
